{
  "originHash" : "5e76fa1b9c18e1cba1bf29d2f57e41b08ca58e31f26b6a89c49e7b2a1ddb67c4",
  "pins" : [
    {
      "identity" : "capacitor-swift-pm",
      "kind" : "remoteSourceControl",
      "location" : "https://github.com/ionic-team/capacitor-swift-pm.git",
      "state" : {
        "revision" : "aa5713389a96b9f9c30e73c15d326ab2b0c258d2",
        "version" : "7.6.5"
      }
    },
    {
      "identity" : "ion-ios-geolocation",
      "kind" : "remoteSourceControl",
      "location" : "https://github.com/ionic-team/ion-ios-geolocation.git",
      "state" : {
        "revision" : "db363927d3a954e3ea24d2e72b6e9814769a84be",
        "version" : "2.1.1"
      }
    }
  ],
  "version" : 3
}
